// !$*UTF8*$!
{
	archiveVersion = 1;
	classes = {
	};
	objectVersion = 46;
	objects = {

/* Begin PBXBuildFile section */
		429B814C3C62E488B256F416 /* libPods-XMLRPC.a in Frameworks */ = {isa = PBXBuildFile; fileRef = E96BA2CFFB1ACF9A9F22434E /* libPods-XMLRPC.a */; };
		C62E650E1D0945FE00BE893D /* main.m in Sources */ = {isa = PBXBuildFile; fileRef = C62E650D1D0945FE00BE893D /* main.m */; };
		C62E65111D0945FE00BE893D /* AppDelegate.m in Sources */ = {isa = PBXBuildFile; fileRef = C62E65101D0945FE00BE893D /* AppDelegate.m */; };
		C62E65141D0945FE00BE893D /* ViewController.m in Sources */ = {isa = PBXBuildFile; fileRef = C62E65131D0945FE00BE893D /* ViewController.m */; };
		C62E65171D0945FE00BE893D /* Main.storyboard in Resources */ = {isa = PBXBuildFile; fileRef = C62E65151D0945FE00BE893D /* Main.storyboard */; };
		C62E65191D0945FE00BE893D /* Assets.xcassets in Resources */ = {isa = PBXBuildFile; fileRef = C62E65181D0945FE00BE893D /* Assets.xcassets */; };
		C62E651C1D0945FE00BE893D /* LaunchScreen.storyboard in Resources */ = {isa = PBXBuildFile; fileRef = C62E651A1D0945FE00BE893D /* LaunchScreen.storyboard */; };
		C6C919811D0950D900F7EA3D /* help.txt in Resources */ = {isa = PBXBuildFile; fileRef = C6C919801D0950D900F7EA3D /* help.txt */; };
/* End PBXBuildFile section */

/* Begin PBXFileReference section */
		6E6A6177F641980AFE39BCCC /* Pods-XMLRPC.release.xcconfig */ = {isa = PBXFileReference; includeInIndex = 1; lastKnownFileType = text.xcconfig; name = "Pods-XMLRPC.release.xcconfig"; path = "Pods/Target Support Files/Pods-XMLRPC/Pods-XMLRPC.release.xcconfig"; sourceTree = "<group>"; };
		C62E65091D0945FE00BE893D /* XMLRPC.app */ = {isa = PBXFileReference; explicitFileType = wrapper.application; includeInIndex = 0; path = XMLRPC.app; sourceTree = BUILT_PRODUCTS_DIR; };
		C62E650D1D0945FE00BE893D /* main.m */ = {isa = PBXFileReference; lastKnownFileType = sourcecode.c.objc; path = main.m; sourceTree = "<group>"; };
		C62E650F1D0945FE00BE893D /* AppDelegate.h */ = {isa = PBXFileReference; lastKnownFileType = sourcecode.c.h; path = AppDelegate.h; sourceTree = "<group>"; };
		C62E65101D0945FE00BE893D /* AppDelegate.m */ = {isa = PBXFileReference; lastKnownFileType = sourcecode.c.objc; path = AppDelegate.m; sourceTree = "<group>"; };
		C62E65121D0945FE00BE893D /* ViewController.h */ = {isa = PBXFileReference; lastKnownFileType = sourcecode.c.h; path = ViewController.h; sourceTree = "<group>"; };
		C62E65131D0945FE00BE893D /* ViewController.m */ = {isa = PBXFileReference; lastKnownFileType = sourcecode.c.objc; path = ViewController.m; sourceTree = "<group>"; };
		C62E65161D0945FE00BE893D /* Base */ = {isa = PBXFileReference; lastKnownFileType = file.storyboard; name = Base; path = Base.lproj/Main.storyboard; sourceTree = "<group>"; };
		C62E65181D0945FE00BE893D /* Assets.xcassets */ = {isa = PBXFileReference; lastKnownFileType = folder.assetcatalog; path = Assets.xcassets; sourceTree = "<group>"; };
		C62E651B1D0945FE00BE893D /* Base */ = {isa = PBXFileReference; lastKnownFileType = file.storyboard; name = Base; path = Base.lproj/LaunchScreen.storyboard; sourceTree = "<group>"; };
		C62E651D1D0945FE00BE893D /* Info.plist */ = {isa = PBXFileReference; lastKnownFileType = text.plist.xml; path = Info.plist; sourceTree = "<group>"; };
		C6C919801D0950D900F7EA3D /* help.txt */ = {isa = PBXFileReference; fileEncoding = 4; lastKnownFileType = text; path = help.txt; sourceTree = "<group>"; };
		E96BA2CFFB1ACF9A9F22434E /* libPods-XMLRPC.a */ = {isa = PBXFileReference; explicitFileType = archive.ar; includeInIndex = 0; path = "libPods-XMLRPC.a"; sourceTree = BUILT_PRODUCTS_DIR; };
		EA78023FE00A1E9EB390B89E /* Pods-XMLRPC.debug.xcconfig */ = {isa = PBXFileReference; includeInIndex = 1; lastKnownFileType = text.xcconfig; name = "Pods-XMLRPC.debug.xcconfig"; path = "Pods/Target Support Files/Pods-XMLRPC/Pods-XMLRPC.debug.xcconfig"; sourceTree = "<group>"; };
/* End PBXFileReference section */

/* Begin PBXFrameworksBuildPhase section */
		C62E65061D0945FE00BE893D /* Frameworks */ = {
			isa = PBXFrameworksBuildPhase;
			buildActionMask = 2147483647;
			files = (
				429B814C3C62E488B256F416 /* libPods-XMLRPC.a in Frameworks */,
			);
			runOnlyForDeploymentPostprocessing = 0;
		};
/* End PBXFrameworksBuildPhase section */

/* Begin PBXGroup section */
		08E41E14944D05B69EBA61B8 /* Pods */ = {
			isa = PBXGroup;
			children = (
				EA78023FE00A1E9EB390B89E /* Pods-XMLRPC.debug.xcconfig */,
				6E6A6177F641980AFE39BCCC /* Pods-XMLRPC.release.xcconfig */,
			);
			name = Pods;
			sourceTree = "<group>";
		};
		14154AB082BE0E17DECFF314 /* Frameworks */ = {
			isa = PBXGroup;
			children = (
				E96BA2CFFB1ACF9A9F22434E /* libPods-XMLRPC.a */,
			);
			name = Frameworks;
			sourceTree = "<group>";
		};
		C62E65001D0945FE00BE893D = {
			isa = PBXGroup;
			children = (
				C62E650B1D0945FE00BE893D /* XMLRPC */,
				C62E650A1D0945FE00BE893D /* Products */,
				08E41E14944D05B69EBA61B8 /* Pods */,
				14154AB082BE0E17DECFF314 /* Frameworks */,
			);
			sourceTree = "<group>";
		};
		C62E650A1D0945FE00BE893D /* Products */ = {
			isa = PBXGroup;
			children = (
				C62E65091D0945FE00BE893D /* XMLRPC.app */,
			);
			name = Products;
			sourceTree = "<group>";
		};
		C62E650B1D0945FE00BE893D /* XMLRPC */ = {
			isa = PBXGroup;
			children = (
				C62E650F1D0945FE00BE893D /* AppDelegate.h */,
				C62E65101D0945FE00BE893D /* AppDelegate.m */,
				C62E65121D0945FE00BE893D /* ViewController.h */,
				C62E65131D0945FE00BE893D /* ViewController.m */,
				C62E65151D0945FE00BE893D /* Main.storyboard */,
				C62E65181D0945FE00BE893D /* Assets.xcassets */,
				C62E651A1D0945FE00BE893D /* LaunchScreen.storyboard */,
				C62E651D1D0945FE00BE893D /* Info.plist */,
				C62E650C1D0945FE00BE893D /* Supporting Files */,
				C6C919801D0950D900F7EA3D /* help.txt */,
			);
			path = XMLRPC;
			sourceTree = "<group>";
		};
		C62E650C1D0945FE00BE893D /* Supporting Files */ = {
			isa = PBXGroup;
			children = (
				C62E650D1D0945FE00BE893D /* main.m */,
			);
			name = "Supporting Files";
			sourceTree = "<group>";
		};
/* End PBXGroup section */

/* Begin PBXNativeTarget section */
		C62E65081D0945FE00BE893D /* XMLRPC */ = {
			isa = PBXNativeTarget;
			buildConfigurationList = C62E65201D0945FE00BE893D /* Build configuration list for PBXNativeTarget "XMLRPC" */;
			buildPhases = (
				C1C2EAC8726F08F33FB46A7E /* 📦 Check Pods Manifest.lock */,
				C62E65051D0945FE00BE893D /* Sources */,
				C62E65061D0945FE00BE893D /* Frameworks */,
				C62E65071D0945FE00BE893D /* Resources */,
				63E00720997DD0DBC7C9AAE7 /* 📦 Embed Pods Frameworks */,
				F91ADA6024A9AE2A135558E4 /* 📦 Copy Pods Resources */,
			);
			buildRules = (
			);
			dependencies = (
			);
			name = XMLRPC;
			productName = XMLRPC;
			productReference = C62E65091D0945FE00BE893D /* XMLRPC.app */;
			productType = "com.apple.product-type.application";
		};
/* End PBXNativeTarget section */

/* Begin PBXProject section */
		C62E65011D0945FE00BE893D /* Project object */ = {
			isa = PBXProject;
			attributes = {
				LastUpgradeCheck = 0730;
				ORGANIZATIONNAME = "Zakk Hoyt";
				TargetAttributes = {
					C62E65081D0945FE00BE893D = {
						CreatedOnToolsVersion = 7.3.1;
					};
				};
			};
			buildConfigurationList = C62E65041D0945FE00BE893D /* Build configuration list for PBXProject "XMLRPC" */;
			compatibilityVersion = "Xcode 3.2";
			developmentRegion = English;
			hasScannedForEncodings = 0;
			knownRegions = (
				en,
				Base,
			);
			mainGroup = C62E65001D0945FE00BE893D;
			productRefGroup = C62E650A1D0945FE00BE893D /* Products */;
			projectDirPath = "";
			projectRoot = "";
			targets = (
				C62E65081D0945FE00BE893D /* XMLRPC */,
			);
		};
/* End PBXProject section */

/* Begin PBXResourcesBuildPhase section */
		C62E65071D0945FE00BE893D /* Resources */ = {
			isa = PBXResourcesBuildPhase;
			buildActionMask = 2147483647;
			files = (
				C62E651C1D0945FE00BE893D /* LaunchScreen.storyboard in Resources */,
				C62E65191D0945FE00BE893D /* Assets.xcassets in Resources */,
				C62E65171D0945FE00BE893D /* Main.storyboard in Resources */,
				C6C919811D0950D900F7EA3D /* help.txt in Resources */,
			);
			runOnlyForDeploymentPostprocessing = 0;
		};
/* End PBXResourcesBuildPhase section */

/* Begin PBXShellScriptBuildPhase section */
		63E00720997DD0DBC7C9AAE7 /* 📦 Embed Pods Frameworks */ = {
			isa = PBXShellScriptBuildPhase;
			buildActionMask = 2147483647;
			files = (
			);
			inputPaths = (
			);
			name = "📦 Embed Pods Frameworks";
			outputPaths = (
			);
			runOnlyForDeploymentPostprocessing = 0;
			shellPath = /bin/sh;
			shellScript = "\"${SRCROOT}/Pods/Target Support Files/Pods-XMLRPC/Pods-XMLRPC-frameworks.sh\"\n";
			showEnvVarsInLog = 0;
		};
		C1C2EAC8726F08F33FB46A7E /* 📦 Check Pods Manifest.lock */ = {
			isa = PBXShellScriptBuildPhase;
			buildActionMask = 2147483647;
			files = (
			);
			inputPaths = (
			);
			name = "📦 Check Pods Manifest.lock";
			outputPaths = (
			);
			runOnlyForDeploymentPostprocessing = 0;
			shellPath = /bin/sh;
			shellScript = "diff \"${PODS_ROOT}/../Podfile.lock\" \"${PODS_ROOT}/Manifest.lock\" > /dev/null\nif [[ $? != 0 ]] ; then\n    cat << EOM\nerror: The sandbox is not in sync with the Podfile.lock. Run 'pod install' or update your CocoaPods installation.\nEOM\n    exit 1\nfi\n";
			showEnvVarsInLog = 0;
		};
		F91ADA6024A9AE2A135558E4 /* 📦 Copy Pods Resources */ = {
			isa = PBXShellScriptBuildPhase;
			buildActionMask = 2147483647;
			files = (
			);
			inputPaths = (
			);
			name = "📦 Copy Pods Resources";
			outputPaths = (
			);
			runOnlyForDeploymentPostprocessing = 0;
			shellPath = /bin/sh;
			shellScript = "\"${SRCROOT}/Pods/Target Support Files/Pods-XMLRPC/Pods-XMLRPC-resources.sh\"\n";
			showEnvVarsInLog = 0;
		};
/* End PBXShellScriptBuildPhase section */

/* Begin PBXSourcesBuildPhase section */
		C62E65051D0945FE00BE893D /* Sources */ = {
			isa = PBXSourcesBuildPhase;
			buildActionMask = 2147483647;
			files = (
				C62E65141D0945FE00BE893D /* ViewController.m in Sources */,
				C62E65111D0945FE00BE893D /* AppDelegate.m in Sources */,
				C62E650E1D0945FE00BE893D /* main.m in Sources */,
			);
			runOnlyForDeploymentPostprocessing = 0;
		};
/* End PBXSourcesBuildPhase section */

/* Begin PBXVariantGroup section */
		C62E65151D0945FE00BE893D /* Main.storyboard */ = {
			isa = PBXVariantGroup;
			children = (
				C62E65161D0945FE00BE893D /* Base */,
			);
			name = Main.storyboard;
			sourceTree = "<group>";
		};
		C62E651A1D0945FE00BE893D /* LaunchScreen.storyboard */ = {
			isa = PBXVariantGroup;
			children = (
				C62E651B1D0945FE00BE893D /* Base */,
			);
			name = LaunchScreen.storyboard;
			sourceTree = "<group>";
		};
/* End PBXVariantGroup section */

/* Begin XCBuildConfiguration section */
		C62E651E1D0945FE00BE893D /* Debug */ = {
			isa = XCBuildConfiguration;
			buildSettings = {
				ALWAYS_SEARCH_USER_PATHS = NO;
				CLANG_ANALYZER_NONNULL = YES;
				CLANG_CXX_LANGUAGE_STANDARD = "gnu++0x";
				CLANG_CXX_LIBRARY = "libc++";
				CLANG_ENABLE_MODULES = YES;
				CLANG_ENABLE_OBJC_ARC = YES;
				CLANG_WARN_BOOL_CONVERSION = YES;
				CLANG_WARN_CONSTANT_CONVERSION = YES;
				CLANG_WARN_DIRECT_OBJC_ISA_USAGE = YES_ERROR;
				CLANG_WARN_EMPTY_BODY = YES;
				CLANG_WARN_ENUM_CONVERSION = YES;
				CLANG_WARN_INT_CONVERSION = YES;
				CLANG_WARN_OBJC_ROOT_CLASS = YES_ERROR;
				CLANG_WARN_UNREACHABLE_CODE = YES;
				CLANG_WARN__DUPLICATE_METHOD_MATCH = YES;
				"CODE_SIGN_IDENTITY[sdk=iphoneos*]" = "iPhone Developer";
				COPY_PHASE_STRIP = NO;
				DEBUG_INFORMATION_FORMAT = dwarf;
				ENABLE_STRICT_OBJC_MSGSEND = YES;
				ENABLE_TESTABILITY = YES;
				GCC_C_LANGUAGE_STANDARD = gnu99;
				GCC_DYNAMIC_NO_PIC = NO;
				GCC_NO_COMMON_BLOCKS = YES;
				GCC_OPTIMIZATION_LEVEL = 0;
				GCC_PREPROCESSOR_DEFINITIONS = (
					"DEBUG=1",
					"$(inherited)",
				);
				GCC_WARN_64_TO_32_BIT_CONVERSION = YES;
				GCC_WARN_ABOUT_RETURN_TYPE = YES_ERROR;
				GCC_WARN_UNDECLARED_SELECTOR = YES;
				GCC_WARN_UNINITIALIZED_AUTOS = YES_AGGRESSIVE;
				GCC_WARN_UNUSED_FUNCTION = YES;
				GCC_WARN_UNUSED_VARIABLE = YES;
				IPHONEOS_DEPLOYMENT_TARGET = 9.3;
				MTL_ENABLE_DEBUG_INFO = YES;
				ONLY_ACTIVE_ARCH = YES;
				SDKROOT = iphoneos;
				TARGETED_DEVICE_FAMILY = "1,2";
			};
			name = Debug;
		};
		C62E651F1D0945FE00BE893D /* Release */ = {
			isa = XCBuildConfiguration;
			buildSettings = {
				ALWAYS_SEARCH_USER_PATHS = NO;
				CLANG_ANALYZER_NONNULL = YES;
				CLANG_CXX_LANGUAGE_STANDARD = "gnu++0x";
				CLANG_CXX_LIBRARY = "libc++";
				CLANG_ENABLE_MODULES = YES;
				CLANG_ENABLE_OBJC_ARC = YES;
				CLANG_WARN_BOOL_CONVERSION = YES;
				CLANG_WARN_CONSTANT_CONVERSION = YES;
				CLANG_WARN_DIRECT_OBJC_ISA_USAGE = YES_ERROR;
				CLANG_WARN_EMPTY_BODY = YES;
				CLANG_WARN_ENUM_CONVERSION = YES;
				CLANG_WARN_INT_CONVERSION = YES;
				CLANG_WARN_OBJC_ROOT_CLASS = YES_ERROR;
				CLANG_WARN_UNREACHABLE_CODE = YES;
				CLANG_WARN__DUPLICATE_METHOD_MATCH = YES;
				"CODE_SIGN_IDENTITY[sdk=iphoneos*]" = "iPhone Developer";
				COPY_PHASE_STRIP = NO;
				DEBUG_INFORMATION_FORMAT = "dwarf-with-dsym";
				ENABLE_NS_ASSERTIONS = NO;
				ENABLE_STRICT_OBJC_MSGSEND = YES;
				GCC_C_LANGUAGE_STANDARD = gnu99;
				GCC_NO_COMMON_BLOCKS = YES;
				GCC_WARN_64_TO_32_BIT_CONVERSION = YES;
				GCC_WARN_ABOUT_RETURN_TYPE = YES_ERROR;
				GCC_WARN_UNDECLARED_SELECTOR = YES;
				GCC_WARN_UNINITIALIZED_AUTOS = YES_AGGRESSIVE;
				GCC_WARN_UNUSED_FUNCTION = YES;
				GCC_WARN_UNUSED_VARIABLE = YES;
				IPHONEOS_DEPLOYMENT_TARGET = 9.3;
				MTL_ENABLE_DEBUG_INFO = NO;
				SDKROOT = iphoneos;
				TARGETED_DEVICE_FAMILY = "1,2";
				VALIDATE_PRODUCT = YES;
			};
			name = Release;
		};
		C62E65211D0945FE00BE893D /* Debug */ = {
			isa = XCBuildConfiguration;
			baseConfigurationReference = EA78023FE00A1E9EB390B89E /* Pods-XMLRPC.debug.xcconfig */;
			buildSettings = {
				ASSETCATALOG_COMPILER_APPICON_NAME = AppIcon;
				INFOPLIST_FILE = XMLRPC/Info.plist;
				LD_RUNPATH_SEARCH_PATHS = "$(inherited) @executable_path/Frameworks";
				PRODUCT_BUNDLE_IDENTIFIER = com.vaporwarewolf.XMLRPC;
				PRODUCT_NAME = "$(TARGET_NAME)";
			};
			name = Debug;
		};
		C62E65221D0945FE00BE893D /* Release */ = {
			isa = XCBuildConfiguration;
			baseConfigurationReference = 6E6A6177F641980AFE39BCCC /* Pods-XMLRPC.release.xcconfig */;
			buildSettings = {
				ASSETCATALOG_COMPILER_APPICON_NAME = AppIcon;
				INFOPLIST_FILE = XMLRPC/Info.plist;
				LD_RUNPATH_SEARCH_PATHS = "$(inherited) @executable_path/Frameworks";
				PRODUCT_BUNDLE_IDENTIFIER = com.vaporwarewolf.XMLRPC;
				PRODUCT_NAME = "$(TARGET_NAME)";
			};
			name = Release;
		};
/* End XCBuildConfiguration section */

/* Begin XCConfigurationList section */
		C62E65041D0945FE00BE893D /* Build configuration list for PBXProject "XMLRPC" */ = {
			isa = XCConfigurationList;
			buildConfigurations = (
				C62E651E1D0945FE00BE893D /* Debug */,
				C62E651F1D0945FE00BE893D /* Release */,
			);
			defaultConfigurationIsVisible = 0;
			defaultConfigurationName = Release;
		};
		C62E65201D0945FE00BE893D /* Build configuration list for PBXNativeTarget "XMLRPC" */ = {
			isa = XCConfigurationList;
			buildConfigurations = (
				C62E65211D0945FE00BE893D /* Debug */,
				C62E65221D0945FE00BE893D /* Release */,
			);
			defaultConfigurationIsVisible = 0;
			defaultConfigurationName = Release;
		};
/* End XCConfigurationList section */
	};
	rootObject = C62E65011D0945FE00BE893D /* Project object */;
}
